// !$*UTF8*$!
{
	archiveVersion = 1;
	classes = {
	};
	objectVersion = 51;
	objects = {

/* Begin PBXBuildFile section */
		BC37A0FF0702542998B3D2A0 /* Pods_Treads.framework in Frameworks */ = {isa = PBXBuildFile; fileRef = 3C07488DD01794F0B1BB97BE /* Pods_Treads.framework */; };
		EE1566B924A0DE9F00644B48 /* AppDelegate.swift in Sources */ = {isa = PBXBuildFile; fileRef = EE1566B824A0DE9F00644B48 /* AppDelegate.swift */; };
		EE1566BB24A0DE9F00644B48 /* SceneDelegate.swift in Sources */ = {isa = PBXBuildFile; fileRef = EE1566BA24A0DE9F00644B48 /* SceneDelegate.swift */; };
		EE1566BD24A0DE9F00644B48 /* BeganRunVC.swift in Sources */ = {isa = PBXBuildFile; fileRef = EE1566BC24A0DE9F00644B48 /* BeganRunVC.swift */; };
		EE1566BF24A0DE9F00644B48 /* RunLogVC.swift in Sources */ = {isa = PBXBuildFile; fileRef = EE1566BE24A0DE9F00644B48 /* RunLogVC.swift */; };
		EE1566C224A0DE9F00644B48 /* Main.storyboard in Resources */ = {isa = PBXBuildFile; fileRef = EE1566C024A0DE9F00644B48 /* Main.storyboard */; };
		EE1566C424A0DEA200644B48 /* Assets.xcassets in Resources */ = {isa = PBXBuildFile; fileRef = EE1566C324A0DEA200644B48 /* Assets.xcassets */; };
		EE1566C724A0DEA200644B48 /* LaunchScreen.storyboard in Resources */ = {isa = PBXBuildFile; fileRef = EE1566C524A0DEA200644B48 /* LaunchScreen.storyboard */; };
		EE1566E624A0E28C00644B48 /* Montserrat-Bold.ttf in Resources */ = {isa = PBXBuildFile; fileRef = EE1566D424A0E28B00644B48 /* Montserrat-Bold.ttf */; };
		EE1566E724A0E28C00644B48 /* Montserrat-ThinItalic.ttf in Resources */ = {isa = PBXBuildFile; fileRef = EE1566D524A0E28B00644B48 /* Montserrat-ThinItalic.ttf */; };
		EE1566E824A0E28C00644B48 /* Montserrat-ExtraLightItalic.ttf in Resources */ = {isa = PBXBuildFile; fileRef = EE1566D624A0E28B00644B48 /* Montserrat-ExtraLightItalic.ttf */; };
		EE1566E924A0E28C00644B48 /* Montserrat-Medium.ttf in Resources */ = {isa = PBXBuildFile; fileRef = EE1566D724A0E28B00644B48 /* Montserrat-Medium.ttf */; };
		EE1566EA24A0E28C00644B48 /* Montserrat-SemiBoldItalic.ttf in Resources */ = {isa = PBXBuildFile; fileRef = EE1566D824A0E28B00644B48 /* Montserrat-SemiBoldItalic.ttf */; };
		EE1566EB24A0E28C00644B48 /* Montserrat-SemiBold.ttf in Resources */ = {isa = PBXBuildFile; fileRef = EE1566D924A0E28B00644B48 /* Montserrat-SemiBold.ttf */; };
		EE1566EC24A0E28C00644B48 /* Montserrat-Black.ttf in Resources */ = {isa = PBXBuildFile; fileRef = EE1566DA24A0E28B00644B48 /* Montserrat-Black.ttf */; };
		EE1566ED24A0E28C00644B48 /* Montserrat-Regular.ttf in Resources */ = {isa = PBXBuildFile; fileRef = EE1566DB24A0E28B00644B48 /* Montserrat-Regular.ttf */; };
		EE1566EE24A0E28C00644B48 /* Montserrat-BoldItalic.ttf in Resources */ = {isa = PBXBuildFile; fileRef = EE1566DC24A0E28B00644B48 /* Montserrat-BoldItalic.ttf */; };
		EE1566EF24A0E28C00644B48 /* Montserrat-MediumItalic.ttf in Resources */ = {isa = PBXBuildFile; fileRef = EE1566DD24A0E28B00644B48 /* Montserrat-MediumItalic.ttf */; };
		EE1566F024A0E28C00644B48 /* Montserrat-ExtraLight.ttf in Resources */ = {isa = PBXBuildFile; fileRef = EE1566DE24A0E28B00644B48 /* Montserrat-ExtraLight.ttf */; };
		EE1566F124A0E28C00644B48 /* Montserrat-ExtraBold.ttf in Resources */ = {isa = PBXBuildFile; fileRef = EE1566DF24A0E28B00644B48 /* Montserrat-ExtraBold.ttf */; };
		EE1566F224A0E28C00644B48 /* Montserrat-Italic.ttf in Resources */ = {isa = PBXBuildFile; fileRef = EE1566E024A0E28B00644B48 /* Montserrat-Italic.ttf */; };
		EE1566F324A0E28C00644B48 /* Montserrat-Light.ttf in Resources */ = {isa = PBXBuildFile; fileRef = EE1566E124A0E28B00644B48 /* Montserrat-Light.ttf */; };
		EE1566F424A0E28C00644B48 /* Montserrat-Thin.ttf in Resources */ = {isa = PBXBuildFile; fileRef = EE1566E224A0E28B00644B48 /* Montserrat-Thin.ttf */; };
		EE1566F524A0E28C00644B48 /* Montserrat-BlackItalic.ttf in Resources */ = {isa = PBXBuildFile; fileRef = EE1566E324A0E28B00644B48 /* Montserrat-BlackItalic.ttf */; };
		EE1566F624A0E28C00644B48 /* Montserrat-LightItalic.ttf in Resources */ = {isa = PBXBuildFile; fileRef = EE1566E424A0E28B00644B48 /* Montserrat-LightItalic.ttf */; };
		EE1566F724A0E28C00644B48 /* Montserrat-ExtraBoldItalic.ttf in Resources */ = {isa = PBXBuildFile; fileRef = EE1566E524A0E28C00644B48 /* Montserrat-ExtraBoldItalic.ttf */; };
		EE6C0F5824A1FF6B00358D74 /* CurrentRunVC.swift in Sources */ = {isa = PBXBuildFile; fileRef = EE6C0F5724A1FF6B00358D74 /* CurrentRunVC.swift */; };
		EE7E74C824A217340091EF6E /* Extensions.swift in Sources */ = {isa = PBXBuildFile; fileRef = EE7E74C724A217340091EF6E /* Extensions.swift */; };
		EE7E74CA24A2310F0091EF6E /* Run.swift in Sources */ = {isa = PBXBuildFile; fileRef = EE7E74C924A2310F0091EF6E /* Run.swift */; };
		EE7E74CC24A2421B0091EF6E /* Constants.swift in Sources */ = {isa = PBXBuildFile; fileRef = EE7E74CB24A2421B0091EF6E /* Constants.swift */; };
		EEA9EF3F24A138860054C432 /* LocationVC.swift in Sources */ = {isa = PBXBuildFile; fileRef = EEA9EF3E24A138860054C432 /* LocationVC.swift */; };
/* End PBXBuildFile section */

/* Begin PBXFileReference section */
		3C07488DD01794F0B1BB97BE /* Pods_Treads.framework */ = {isa = PBXFileReference; explicitFileType = wrapper.framework; includeInIndex = 0; path = Pods_Treads.framework; sourceTree = BUILT_PRODUCTS_DIR; };
		7139AF290D7ABA3045A30B97 /* Pods-Treads.debug.xcconfig */ = {isa = PBXFileReference; includeInIndex = 1; lastKnownFileType = text.xcconfig; name = "Pods-Treads.debug.xcconfig"; path = "Target Support Files/Pods-Treads/Pods-Treads.debug.xcconfig"; sourceTree = "<group>"; };
		C6D29FDECD092C1B57EDF518 /* Pods-Treads.release.xcconfig */ = {isa = PBXFileReference; includeInIndex = 1; lastKnownFileType = text.xcconfig; name = "Pods-Treads.release.xcconfig"; path = "Target Support Files/Pods-Treads/Pods-Treads.release.xcconfig"; sourceTree = "<group>"; };
		EE1566B524A0DE9F00644B48 /* Treads.app */ = {isa = PBXFileReference; explicitFileType = wrapper.application; includeInIndex = 0; path = Treads.app; sourceTree = BUILT_PRODUCTS_DIR; };
		EE1566B824A0DE9F00644B48 /* AppDelegate.swift */ = {isa = PBXFileReference; lastKnownFileType = sourcecode.swift; path = AppDelegate.swift; sourceTree = "<group>"; };
		EE1566BA24A0DE9F00644B48 /* SceneDelegate.swift */ = {isa = PBXFileReference; lastKnownFileType = sourcecode.swift; path = SceneDelegate.swift; sourceTree = "<group>"; };
		EE1566BC24A0DE9F00644B48 /* BeganRunVC.swift */ = {isa = PBXFileReference; lastKnownFileType = sourcecode.swift; path = BeganRunVC.swift; sourceTree = "<group>"; };
		EE1566BE24A0DE9F00644B48 /* RunLogVC.swift */ = {isa = PBXFileReference; lastKnownFileType = sourcecode.swift; path = RunLogVC.swift; sourceTree = "<group>"; };
		EE1566C124A0DE9F00644B48 /* Base */ = {isa = PBXFileReference; lastKnownFileType = file.storyboard; name = Base; path = Base.lproj/Main.storyboard; sourceTree = "<group>"; };
		EE1566C324A0DEA200644B48 /* Assets.xcassets */ = {isa = PBXFileReference; lastKnownFileType = folder.assetcatalog; path = Assets.xcassets; sourceTree = "<group>"; };
		EE1566C624A0DEA200644B48 /* Base */ = {isa = PBXFileReference; lastKnownFileType = file.storyboard; name = Base; path = Base.lproj/LaunchScreen.storyboard; sourceTree = "<group>"; };
		EE1566C824A0DEA200644B48 /* Info.plist */ = {isa = PBXFileReference; lastKnownFileType = text.plist.xml; path = Info.plist; sourceTree = "<group>"; };
		EE1566D424A0E28B00644B48 /* Montserrat-Bold.ttf */ = {isa = PBXFileReference; lastKnownFileType = file; path = "Montserrat-Bold.ttf"; sourceTree = "<group>"; };
		EE1566D524A0E28B00644B48 /* Montserrat-ThinItalic.ttf */ = {isa = PBXFileReference; lastKnownFileType = file; path = "Montserrat-ThinItalic.ttf"; sourceTree = "<group>"; };
		EE1566D624A0E28B00644B48 /* Montserrat-ExtraLightItalic.ttf */ = {isa = PBXFileReference; lastKnownFileType = file; path = "Montserrat-ExtraLightItalic.ttf"; sourceTree = "<group>"; };
		EE1566D724A0E28B00644B48 /* Montserrat-Medium.ttf */ = {isa = PBXFileReference; lastKnownFileType = file; path = "Montserrat-Medium.ttf"; sourceTree = "<group>"; };
		EE1566D824A0E28B00644B48 /* Montserrat-SemiBoldItalic.ttf */ = {isa = PBXFileReference; lastKnownFileType = file; path = "Montserrat-SemiBoldItalic.ttf"; sourceTree = "<group>"; };
		EE1566D924A0E28B00644B48 /* Montserrat-SemiBold.ttf */ = {isa = PBXFileReference; lastKnownFileType = file; path = "Montserrat-SemiBold.ttf"; sourceTree = "<group>"; };
		EE1566DA24A0E28B00644B48 /* Montserrat-Black.ttf */ = {isa = PBXFileReference; lastKnownFileType = file; path = "Montserrat-Black.ttf"; sourceTree = "<group>"; };
		EE1566DB24A0E28B00644B48 /* Montserrat-Regular.ttf */ = {isa = PBXFileReference; lastKnownFileType = file; path = "Montserrat-Regular.ttf"; sourceTree = "<group>"; };
		EE1566DC24A0E28B00644B48 /* Montserrat-BoldItalic.ttf */ = {isa = PBXFileReference; lastKnownFileType = file; path = "Montserrat-BoldItalic.ttf"; sourceTree = "<group>"; };
		EE1566DD24A0E28B00644B48 /* Montserrat-MediumItalic.ttf */ = {isa = PBXFileReference; lastKnownFileType = file; path = "Montserrat-MediumItalic.ttf"; sourceTree = "<group>"; };
		EE1566DE24A0E28B00644B48 /* Montserrat-ExtraLight.ttf */ = {isa = PBXFileReference; lastKnownFileType = file; path = "Montserrat-ExtraLight.ttf"; sourceTree = "<group>"; };
		EE1566DF24A0E28B00644B48 /* Montserrat-ExtraBold.ttf */ = {isa = PBXFileReference; lastKnownFileType = file; path = "Montserrat-ExtraBold.ttf"; sourceTree = "<group>"; };
		EE1566E024A0E28B00644B48 /* Montserrat-Italic.ttf */ = {isa = PBXFileReference; lastKnownFileType = file; path = "Montserrat-Italic.ttf"; sourceTree = "<group>"; };
		EE1566E124A0E28B00644B48 /* Montserrat-Light.ttf */ = {isa = PBXFileReference; lastKnownFileType = file; path = "Montserrat-Light.ttf"; sourceTree = "<group>"; };
		EE1566E224A0E28B00644B48 /* Montserrat-Thin.ttf */ = {isa = PBXFileReference; lastKnownFileType = file; path = "Montserrat-Thin.ttf"; sourceTree = "<group>"; };
		EE1566E324A0E28B00644B48 /* Montserrat-BlackItalic.ttf */ = {isa = PBXFileReference; lastKnownFileType = file; path = "Montserrat-BlackItalic.ttf"; sourceTree = "<group>"; };
		EE1566E424A0E28B00644B48 /* Montserrat-LightItalic.ttf */ = {isa = PBXFileReference; lastKnownFileType = file; path = "Montserrat-LightItalic.ttf"; sourceTree = "<group>"; };
		EE1566E524A0E28C00644B48 /* Montserrat-ExtraBoldItalic.ttf */ = {isa = PBXFileReference; lastKnownFileType = file; path = "Montserrat-ExtraBoldItalic.ttf"; sourceTree = "<group>"; };
		EE6C0F5724A1FF6B00358D74 /* CurrentRunVC.swift */ = {isa = PBXFileReference; lastKnownFileType = sourcecode.swift; path = CurrentRunVC.swift; sourceTree = "<group>"; };
		EE7E74C724A217340091EF6E /* Extensions.swift */ = {isa = PBXFileReference; lastKnownFileType = sourcecode.swift; path = Extensions.swift; sourceTree = "<group>"; };
		EE7E74C924A2310F0091EF6E /* Run.swift */ = {isa = PBXFileReference; lastKnownFileType = sourcecode.swift; path = Run.swift; sourceTree = "<group>"; };
		EE7E74CB24A2421B0091EF6E /* Constants.swift */ = {isa = PBXFileReference; lastKnownFileType = sourcecode.swift; path = Constants.swift; sourceTree = "<group>"; };
		EEA9EF3E24A138860054C432 /* LocationVC.swift */ = {isa = PBXFileReference; lastKnownFileType = sourcecode.swift; path = LocationVC.swift; sourceTree = "<group>"; };
/* End PBXFileReference section */

/* Begin PBXFrameworksBuildPhase section */
		EE1566B224A0DE9F00644B48 /* Frameworks */ = {
			isa = PBXFrameworksBuildPhase;
			buildActionMask = 2147483647;
			files = (
				BC37A0FF0702542998B3D2A0 /* Pods_Treads.framework in Frameworks */,
			);
			runOnlyForDeploymentPostprocessing = 0;
		};
/* End PBXFrameworksBuildPhase section */

/* Begin PBXGroup section */
		962E5961903C9EE46702FB0E /* Pods */ = {
			isa = PBXGroup;
			children = (
				7139AF290D7ABA3045A30B97 /* Pods-Treads.debug.xcconfig */,
				C6D29FDECD092C1B57EDF518 /* Pods-Treads.release.xcconfig */,
			);
			path = Pods;
			sourceTree = "<group>";
		};
		AF50EE6D10B54786C88C41A1 /* Frameworks */ = {
			isa = PBXGroup;
			children = (
				3C07488DD01794F0B1BB97BE /* Pods_Treads.framework */,
			);
			name = Frameworks;
			sourceTree = "<group>";
		};
		EE1566AC24A0DE9F00644B48 = {
			isa = PBXGroup;
			children = (
				EE1566D324A0E16200644B48 /* Model */,
				EE1566D224A0E15C00644B48 /* View */,
				EE1566D124A0E15700644B48 /* Controller */,
				EE1566D024A0E15100644B48 /* Utilities */,
				EE1566CF24A0E14900644B48 /* Extensions */,
				EE1566CE24A0E13900644B48 /* Resources */,
				EE1566B724A0DE9F00644B48 /* Treads */,
				EE1566B624A0DE9F00644B48 /* Products */,
				962E5961903C9EE46702FB0E /* Pods */,
				AF50EE6D10B54786C88C41A1 /* Frameworks */,
			);
			sourceTree = "<group>";
		};
		EE1566B624A0DE9F00644B48 /* Products */ = {
			isa = PBXGroup;
			children = (
				EE1566B524A0DE9F00644B48 /* Treads.app */,
			);
			name = Products;
			sourceTree = "<group>";
		};
		EE1566B724A0DE9F00644B48 /* Treads */ = {
			isa = PBXGroup;
			children = (
				EE1566B824A0DE9F00644B48 /* AppDelegate.swift */,
				EE1566BA24A0DE9F00644B48 /* SceneDelegate.swift */,
				EE1566C024A0DE9F00644B48 /* Main.storyboard */,
				EE1566C324A0DEA200644B48 /* Assets.xcassets */,
				EE1566C524A0DEA200644B48 /* LaunchScreen.storyboard */,
				EE1566C824A0DEA200644B48 /* Info.plist */,
			);
			path = Treads;
			sourceTree = "<group>";
		};
		EE1566CE24A0E13900644B48 /* Resources */ = {
			isa = PBXGroup;
			children = (
				EE1566DA24A0E28B00644B48 /* Montserrat-Black.ttf */,
				EE1566E324A0E28B00644B48 /* Montserrat-BlackItalic.ttf */,
				EE1566D424A0E28B00644B48 /* Montserrat-Bold.ttf */,
				EE1566DC24A0E28B00644B48 /* Montserrat-BoldItalic.ttf */,
				EE1566DF24A0E28B00644B48 /* Montserrat-ExtraBold.ttf */,
				EE1566E524A0E28C00644B48 /* Montserrat-ExtraBoldItalic.ttf */,
				EE1566DE24A0E28B00644B48 /* Montserrat-ExtraLight.ttf */,
				EE1566D624A0E28B00644B48 /* Montserrat-ExtraLightItalic.ttf */,
				EE1566E024A0E28B00644B48 /* Montserrat-Italic.ttf */,
				EE1566E124A0E28B00644B48 /* Montserrat-Light.ttf */,
				EE1566E424A0E28B00644B48 /* Montserrat-LightItalic.ttf */,
				EE1566D724A0E28B00644B48 /* Montserrat-Medium.ttf */,
				EE1566DD24A0E28B00644B48 /* Montserrat-MediumItalic.ttf */,
				EE1566DB24A0E28B00644B48 /* Montserrat-Regular.ttf */,
				EE1566D924A0E28B00644B48 /* Montserrat-SemiBold.ttf */,
				EE1566D824A0E28B00644B48 /* Montserrat-SemiBoldItalic.ttf */,
				EE1566E224A0E28B00644B48 /* Montserrat-Thin.ttf */,
				EE1566D524A0E28B00644B48 /* Montserrat-ThinItalic.ttf */,
			);
			path = Resources;
			sourceTree = "<group>";
		};
		EE1566CF24A0E14900644B48 /* Extensions */ = {
			isa = PBXGroup;
			children = (
				EE7E74C724A217340091EF6E /* Extensions.swift */,
			);
			path = Extensions;
			sourceTree = "<group>";
		};
		EE1566D024A0E15100644B48 /* Utilities */ = {
			isa = PBXGroup;
			children = (
				EE7E74CB24A2421B0091EF6E /* Constants.swift */,
			);
			path = Utilities;
			sourceTree = "<group>";
		};
		EE1566D124A0E15700644B48 /* Controller */ = {
			isa = PBXGroup;
			children = (
				EEA9EF3E24A138860054C432 /* LocationVC.swift */,
				EE1566BE24A0DE9F00644B48 /* RunLogVC.swift */,
				EE1566BC24A0DE9F00644B48 /* BeganRunVC.swift */,
				EE6C0F5724A1FF6B00358D74 /* CurrentRunVC.swift */,
			);
			path = Controller;
			sourceTree = "<group>";
		};
		EE1566D224A0E15C00644B48 /* View */ = {
			isa = PBXGroup;
			children = (
			);
			path = View;
			sourceTree = "<group>";
		};
		EE1566D324A0E16200644B48 /* Model */ = {
			isa = PBXGroup;
			children = (
				EE7E74C924A2310F0091EF6E /* Run.swift */,
			);
			path = Model;
			sourceTree = "<group>";
		};
/* End PBXGroup section */

/* Begin PBXNativeTarget section */
		EE1566B424A0DE9F00644B48 /* Treads */ = {
			isa = PBXNativeTarget;
			buildConfigurationList = EE1566CB24A0DEA200644B48 /* Build configuration list for PBXNativeTarget "Treads" */;
			buildPhases = (
				0499DB2092193BDAFAAD5EB2 /* [CP] Check Pods Manifest.lock */,
				EE1566B124A0DE9F00644B48 /* Sources */,
				EE1566B224A0DE9F00644B48 /* Frameworks */,
				EE1566B324A0DE9F00644B48 /* Resources */,
				5941C969DB5D9DFEC5426778 /* [CP] Embed Pods Frameworks */,
			);
			buildRules = (
			);
			dependencies = (
			);
			name = Treads;
			productName = Treads;
			productReference = EE1566B524A0DE9F00644B48 /* Treads.app */;
			productType = "com.apple.product-type.application";
		};
/* End PBXNativeTarget section */

/* Begin PBXProject section */
		EE1566AD24A0DE9F00644B48 /* Project object */ = {
			isa = PBXProject;
			attributes = {
				LastSwiftUpdateCheck = 1150;
				LastUpgradeCheck = 1150;
				ORGANIZATIONNAME = ThinkX;
				TargetAttributes = {
					EE1566B424A0DE9F00644B48 = {
						CreatedOnToolsVersion = 11.5;
					};
				};
			};
			buildConfigurationList = EE1566B024A0DE9F00644B48 /* Build configuration list for PBXProject "Treads" */;
			compatibilityVersion = "Xcode 9.3";
			developmentRegion = en;
			hasScannedForEncodings = 0;
			knownRegions = (
				en,
				Base,
			);
			mainGroup = EE1566AC24A0DE9F00644B48;
			productRefGroup = EE1566B624A0DE9F00644B48 /* Products */;
			projectDirPath = "";
			projectRoot = "";
			targets = (
				EE1566B424A0DE9F00644B48 /* Treads */,
			);
		};
/* End PBXProject section */

/* Begin PBXResourcesBuildPhase section */
		EE1566B324A0DE9F00644B48 /* Resources */ = {
			isa = PBXResourcesBuildPhase;
			buildActionMask = 2147483647;
			files = (
				EE1566EE24A0E28C00644B48 /* Montserrat-BoldItalic.ttf in Resources */,
				EE1566EF24A0E28C00644B48 /* Montserrat-MediumItalic.ttf in Resources */,
				EE1566F324A0E28C00644B48 /* Montserrat-Light.ttf in Resources */,
				EE1566E624A0E28C00644B48 /* Montserrat-Bold.ttf in Resources */,
				EE1566F224A0E28C00644B48 /* Montserrat-Italic.ttf in Resources */,
				EE1566F024A0E28C00644B48 /* Montserrat-ExtraLight.ttf in Resources */,
				EE1566ED24A0E28C00644B48 /* Montserrat-Regular.ttf in Resources */,
				EE1566EC24A0E28C00644B48 /* Montserrat-Black.ttf in Resources */,
				EE1566F624A0E28C00644B48 /* Montserrat-LightItalic.ttf in Resources */,
				EE1566C724A0DEA200644B48 /* LaunchScreen.storyboard in Resources */,
				EE1566EA24A0E28C00644B48 /* Montserrat-SemiBoldItalic.ttf in Resources */,
				EE1566F424A0E28C00644B48 /* Montserrat-Thin.ttf in Resources */,
				EE1566C424A0DEA200644B48 /* Assets.xcassets in Resources */,
				EE1566E924A0E28C00644B48 /* Montserrat-Medium.ttf in Resources */,
				EE1566F124A0E28C00644B48 /* Montserrat-ExtraBold.ttf in Resources */,
				EE1566C224A0DE9F00644B48 /* Main.storyboard in Resources */,
				EE1566EB24A0E28C00644B48 /* Montserrat-SemiBold.ttf in Resources */,
				EE1566E724A0E28C00644B48 /* Montserrat-ThinItalic.ttf in Resources */,
				EE1566F724A0E28C00644B48 /* Montserrat-ExtraBoldItalic.ttf in Resources */,
				EE1566E824A0E28C00644B48 /* Montserrat-ExtraLightItalic.ttf in Resources */,
				EE1566F524A0E28C00644B48 /* Montserrat-BlackItalic.ttf in Resources */,
			);
			runOnlyForDeploymentPostprocessing = 0;
		};
/* End PBXResourcesBuildPhase section */

/* Begin PBXShellScriptBuildPhase section */
		0499DB2092193BDAFAAD5EB2 /* [CP] Check Pods Manifest.lock */ = {
			isa = PBXShellScriptBuildPhase;
			buildActionMask = 2147483647;
			files = (
			);
			inputFileListPaths = (
			);
			inputPaths = (
				"${PODS_PODFILE_DIR_PATH}/Podfile.lock",
				"${PODS_ROOT}/Manifest.lock",
			);
			name = "[CP] Check Pods Manifest.lock";
			outputFileListPaths = (
			);
			outputPaths = (
				"$(DERIVED_FILE_DIR)/Pods-Treads-checkManifestLockResult.txt",
			);
			runOnlyForDeploymentPostprocessing = 0;
			shellPath = /bin/sh;
			shellScript = "diff \"${PODS_PODFILE_DIR_PATH}/Podfile.lock\" \"${PODS_ROOT}/Manifest.lock\" > /dev/null\nif [ $? != 0 ] ; then\n    # print error to STDERR\n    echo \"error: The sandbox is not in sync with the Podfile.lock. Run 'pod install' or update your CocoaPods installation.\" >&2\n    exit 1\nfi\n# This output is used by Xcode 'outputs' to avoid re-running this script phase.\necho \"SUCCESS\" > \"${SCRIPT_OUTPUT_FILE_0}\"\n";
			showEnvVarsInLog = 0;
		};
		5941C969DB5D9DFEC5426778 /* [CP] Embed Pods Frameworks */ = {
			isa = PBXShellScriptBuildPhase;
			buildActionMask = 2147483647;
			files = (
			);
			inputFileListPaths = (
				"${PODS_ROOT}/Target Support Files/Pods-Treads/Pods-Treads-frameworks-${CONFIGURATION}-input-files.xcfilelist",
			);
			name = "[CP] Embed Pods Frameworks";
			outputFileListPaths = (
				"${PODS_ROOT}/Target Support Files/Pods-Treads/Pods-Treads-frameworks-${CONFIGURATION}-output-files.xcfilelist",
			);
			runOnlyForDeploymentPostprocessing = 0;
			shellPath = /bin/sh;
			shellScript = "\"${PODS_ROOT}/Target Support Files/Pods-Treads/Pods-Treads-frameworks.sh\"\n";
			showEnvVarsInLog = 0;
		};
/* End PBXShellScriptBuildPhase section */

/* Begin PBXSourcesBuildPhase section */
		EE1566B124A0DE9F00644B48 /* Sources */ = {
			isa = PBXSourcesBuildPhase;
			buildActionMask = 2147483647;
			files = (
				EE1566BF24A0DE9F00644B48 /* RunLogVC.swift in Sources */,
				EE7E74CA24A2310F0091EF6E /* Run.swift in Sources */,
				EE1566BD24A0DE9F00644B48 /* BeganRunVC.swift in Sources */,
				EE1566B924A0DE9F00644B48 /* AppDelegate.swift in Sources */,
				EE1566BB24A0DE9F00644B48 /* SceneDelegate.swift in Sources */,
				EE6C0F5824A1FF6B00358D74 /* CurrentRunVC.swift in Sources */,
				EEA9EF3F24A138860054C432 /* LocationVC.swift in Sources */,
				EE7E74C824A217340091EF6E /* Extensions.swift in Sources */,
				EE7E74CC24A2421B0091EF6E /* Constants.swift in Sources */,
			);
			runOnlyForDeploymentPostprocessing = 0;
		};
/* End PBXSourcesBuildPhase section */

/* Begin PBXVariantGroup section */
		EE1566C024A0DE9F00644B48 /* Main.storyboard */ = {
			isa = PBXVariantGroup;
			children = (
				EE1566C124A0DE9F00644B48 /* Base */,
			);
			name = Main.storyboard;
			sourceTree = "<group>";
		};
		EE1566C524A0DEA200644B48 /* LaunchScreen.storyboard */ = {
			isa = PBXVariantGroup;
			children = (
				EE1566C624A0DEA200644B48 /* Base */,
			);
			name = LaunchScreen.storyboard;
			sourceTree = "<group>";
		};
/* End PBXVariantGroup section */

/* Begin XCBuildConfiguration section */
		EE1566C924A0DEA200644B48 /* Debug */ = {
			isa = XCBuildConfiguration;
			buildSettings = {
				ALWAYS_SEARCH_USER_PATHS = NO;
				CLANG_ANALYZER_NONNULL = YES;
				CLANG_ANALYZER_NUMBER_OBJECT_CONVERSION = YES_AGGRESSIVE;
				CLANG_CXX_LANGUAGE_STANDARD = "gnu++14";
				CLANG_CXX_LIBRARY = "libc++";
				CLANG_ENABLE_MODULES = YES;
				CLANG_ENABLE_OBJC_ARC = YES;
				CLANG_ENABLE_OBJC_WEAK = YES;
				CLANG_WARN_BLOCK_CAPTURE_AUTORELEASING = YES;
				CLANG_WARN_BOOL_CONVERSION = YES;
				CLANG_WARN_COMMA = YES;
				CLANG_WARN_CONSTANT_CONVERSION = YES;
				CLANG_WARN_DEPRECATED_OBJC_IMPLEMENTATIONS = YES;
				CLANG_WARN_DIRECT_OBJC_ISA_USAGE = YES_ERROR;
				CLANG_WARN_DOCUMENTATION_COMMENTS = YES;
				CLANG_WARN_EMPTY_BODY = YES;
				CLANG_WARN_ENUM_CONVERSION = YES;
				CLANG_WARN_INFINITE_RECURSION = YES;
				CLANG_WARN_INT_CONVERSION = YES;
				CLANG_WARN_NON_LITERAL_NULL_CONVERSION = YES;
				CLANG_WARN_OBJC_IMPLICIT_RETAIN_SELF = YES;
				CLANG_WARN_OBJC_LITERAL_CONVERSION = YES;
				CLANG_WARN_OBJC_ROOT_CLASS = YES_ERROR;
				CLANG_WARN_RANGE_LOOP_ANALYSIS = YES;
				CLANG_WARN_STRICT_PROTOTYPES = YES;
				CLANG_WARN_SUSPICIOUS_MOVE = YES;
				CLANG_WARN_UNGUARDED_AVAILABILITY = YES_AGGRESSIVE;
				CLANG_WARN_UNREACHABLE_CODE = YES;
				CLANG_WARN__DUPLICATE_METHOD_MATCH = YES;
				COPY_PHASE_STRIP = NO;
				DEBUG_INFORMATION_FORMAT = dwarf;
				ENABLE_STRICT_OBJC_MSGSEND = YES;
				ENABLE_TESTABILITY = YES;
				GCC_C_LANGUAGE_STANDARD = gnu11;
				GCC_DYNAMIC_NO_PIC = NO;
				GCC_NO_COMMON_BLOCKS = YES;
				GCC_OPTIMIZATION_LEVEL = 0;
				GCC_PREPROCESSOR_DEFINITIONS = (
					"DEBUG=1",
					"$(inherited)",
				);
				GCC_WARN_64_TO_32_BIT_CONVERSION = YES;
				GCC_WARN_ABOUT_RETURN_TYPE = YES_ERROR;
				GCC_WARN_UNDECLARED_SELECTOR = YES;
				GCC_WARN_UNINITIALIZED_AUTOS = YES_AGGRESSIVE;
				GCC_WARN_UNUSED_FUNCTION = YES;
				GCC_WARN_UNUSED_VARIABLE = YES;
				IPHONEOS_DEPLOYMENT_TARGET = 13.5;
				MTL_ENABLE_DEBUG_INFO = INCLUDE_SOURCE;
				MTL_FAST_MATH = YES;
				ONLY_ACTIVE_ARCH = YES;
				SDKROOT = iphoneos;
				SWIFT_ACTIVE_COMPILATION_CONDITIONS = DEBUG;
				SWIFT_OPTIMIZATION_LEVEL = "-Onone";
			};
			name = Debug;
		};
		EE1566CA24A0DEA200644B48 /* Release */ = {
			isa = XCBuildConfiguration;
			buildSettings = {
				ALWAYS_SEARCH_USER_PATHS = NO;
				CLANG_ANALYZER_NONNULL = YES;
				CLANG_ANALYZER_NUMBER_OBJECT_CONVERSION = YES_AGGRESSIVE;
				CLANG_CXX_LANGUAGE_STANDARD = "gnu++14";
				CLANG_CXX_LIBRARY = "libc++";
				CLANG_ENABLE_MODULES = YES;
				CLANG_ENABLE_OBJC_ARC = YES;
				CLANG_ENABLE_OBJC_WEAK = YES;
				CLANG_WARN_BLOCK_CAPTURE_AUTORELEASING = YES;
				CLANG_WARN_BOOL_CONVERSION = YES;
				CLANG_WARN_COMMA = YES;
				CLANG_WARN_CONSTANT_CONVERSION = YES;
				CLANG_WARN_DEPRECATED_OBJC_IMPLEMENTATIONS = YES;
				CLANG_WARN_DIRECT_OBJC_ISA_USAGE = YES_ERROR;
				CLANG_WARN_DOCUMENTATION_COMMENTS = YES;
				CLANG_WARN_EMPTY_BODY = YES;
				CLANG_WARN_ENUM_CONVERSION = YES;
				CLANG_WARN_INFINITE_RECURSION = YES;
				CLANG_WARN_INT_CONVERSION = YES;
				CLANG_WARN_NON_LITERAL_NULL_CONVERSION = YES;
				CLANG_WARN_OBJC_IMPLICIT_RETAIN_SELF = YES;
				CLANG_WARN_OBJC_LITERAL_CONVERSION = YES;
				CLANG_WARN_OBJC_ROOT_CLASS = YES_ERROR;
				CLANG_WARN_RANGE_LOOP_ANALYSIS = YES;
				CLANG_WARN_STRICT_PROTOTYPES = YES;
				CLANG_WARN_SUSPICIOUS_MOVE = YES;
				CLANG_WARN_UNGUARDED_AVAILABILITY = YES_AGGRESSIVE;
				CLANG_WARN_UNREACHABLE_CODE = YES;
				CLANG_WARN__DUPLICATE_METHOD_MATCH = YES;
				COPY_PHASE_STRIP = NO;
				DEBUG_INFORMATION_FORMAT = "dwarf-with-dsym";
				ENABLE_NS_ASSERTIONS = NO;
				ENABLE_STRICT_OBJC_MSGSEND = YES;
				GCC_C_LANGUAGE_STANDARD = gnu11;
				GCC_NO_COMMON_BLOCKS = YES;
				GCC_WARN_64_TO_32_BIT_CONVERSION = YES;
				GCC_WARN_ABOUT_RETURN_TYPE = YES_ERROR;
				GCC_WARN_UNDECLARED_SELECTOR = YES;
				GCC_WARN_UNINITIALIZED_AUTOS = YES_AGGRESSIVE;
				GCC_WARN_UNUSED_FUNCTION = YES;
				GCC_WARN_UNUSED_VARIABLE = YES;
				IPHONEOS_DEPLOYMENT_TARGET = 13.5;
				MTL_ENABLE_DEBUG_INFO = NO;
				MTL_FAST_MATH = YES;
				SDKROOT = iphoneos;
				SWIFT_COMPILATION_MODE = wholemodule;
				SWIFT_OPTIMIZATION_LEVEL = "-O";
				VALIDATE_PRODUCT = YES;
			};
			name = Release;
		};
		EE1566CC24A0DEA200644B48 /* Debug */ = {
			isa = XCBuildConfiguration;
			baseConfigurationReference = 7139AF290D7ABA3045A30B97 /* Pods-Treads.debug.xcconfig */;
			buildSettings = {
				ASSETCATALOG_COMPILER_APPICON_NAME = AppIcon;
				CODE_SIGN_STYLE = Automatic;
				DEVELOPMENT_TEAM = JBK837HF7X;
				INFOPLIST_FILE = Treads/Info.plist;
				LD_RUNPATH_SEARCH_PATHS = (
					"$(inherited)",
					"@executable_path/Frameworks",
				);
				PRODUCT_BUNDLE_IDENTIFIER = com.harshitgajjar.Treads;
				PRODUCT_NAME = "$(TARGET_NAME)";
				SWIFT_VERSION = 5.0;
				TARGETED_DEVICE_FAMILY = "1,2";
			};
			name = Debug;
		};
		EE1566CD24A0DEA200644B48 /* Release */ = {
			isa = XCBuildConfiguration;
			baseConfigurationReference = C6D29FDECD092C1B57EDF518 /* Pods-Treads.release.xcconfig */;
			buildSettings = {
				ASSETCATALOG_COMPILER_APPICON_NAME = AppIcon;
				CODE_SIGN_STYLE = Automatic;
				DEVELOPMENT_TEAM = JBK837HF7X;
				INFOPLIST_FILE = Treads/Info.plist;
				LD_RUNPATH_SEARCH_PATHS = (
					"$(inherited)",
					"@executable_path/Frameworks",
				);
				PRODUCT_BUNDLE_IDENTIFIER = com.harshitgajjar.Treads;
				PRODUCT_NAME = "$(TARGET_NAME)";
				SWIFT_VERSION = 5.0;
				TARGETED_DEVICE_FAMILY = "1,2";
			};
			name = Release;
		};
/* End XCBuildConfiguration section */

/* Begin XCConfigurationList section */
		EE1566B024A0DE9F00644B48 /* Build configuration list for PBXProject "Treads" */ = {
			isa = XCConfigurationList;
			buildConfigurations = (
				EE1566C924A0DEA200644B48 /* Debug */,
				EE1566CA24A0DEA200644B48 /* Release */,
			);
			defaultConfigurationIsVisible = 0;
			defaultConfigurationName = Release;
		};
		EE1566CB24A0DEA200644B48 /* Build configuration list for PBXNativeTarget "Treads" */ = {
			isa = XCConfigurationList;
			buildConfigurations = (
				EE1566CC24A0DEA200644B48 /* Debug */,
				EE1566CD24A0DEA200644B48 /* Release */,
			);
			defaultConfigurationIsVisible = 0;
			defaultConfigurationName = Release;
		};
/* End XCConfigurationList section */
	};
	rootObject = EE1566AD24A0DE9F00644B48 /* Project object */;
}
